
Microsoft Visual Studio Solution File, Format Version 12.00
# Visual Studio Version 17
VisualStudioVersion = 17.6.33829.357
MinimumVisualStudioVersion = 10.0.40219.1
Project("{FAE04EC0-301F-11D3-BF4B-00C04F79EFBC}") = "ContactAppXamarin.Android", "ContactAppXamarin\ContactAppXamarin.Android\ContactAppXamarin.Android.csproj", "{6BC55D3C-AEB9-4AB0-BB98-6BE8EEF4A9C5}"
EndProject
Project("{FAE04EC0-301F-11D3-BF4B-00C04F79EFBC}") = "ContactAppXamarin.iOS", "ContactAppXamarin\ContactAppXamarin.iOS\ContactAppXamarin.iOS.csproj", "{B88909A3-419F-4329-8257-C89D56D6864E}"
EndProject
Project("{9A19103F-16F7-4668-BE54-9A1E7A4F7556}") = "ContactAppXamarin", "ContactAppXamarin\ContactAppXamarin\ContactAppXamarin.csproj", "{3D03039E-1BF6-4263-B82C-D871B216FD47}"
EndProject
Project("{FAE04EC0-301F-11D3-BF4B-00C04F79EFBC}") = "Api.Contact", "Api.Contact\Api.Contact.csproj", "{F4DFCEA8-59DE-4860-80AE-09C5D71A307A}"
EndProject
Project("{9A19103F-16F7-4668-BE54-9A1E7A4F7556}") = "Infrastructure", "Infrastructure\Infrastructure.csproj", "{F0954804-7639-433A-9937-F43AAC3101EC}"
EndProject
Global
	GlobalSection(SolutionConfigurationPlatforms) = preSolution
		Debug|Any CPU = Debug|Any CPU
		Debug|iPhone = Debug|iPhone
		Debug|iPhoneSimulator = Debug|iPhoneSimulator
		Release|Any CPU = Release|Any CPU
		Release|iPhone = Release|iPhone
		Release|iPhoneSimulator = Release|iPhoneSimulator
	EndGlobalSection
	GlobalSection(ProjectConfigurationPlatforms) = postSolution
		{6BC55D3C-AEB9-4AB0-BB98-6BE8EEF4A9C5}.Debug|Any CPU.ActiveCfg = Debug|Any CPU
		{6BC55D3C-AEB9-4AB0-BB98-6BE8EEF4A9C5}.Debug|Any CPU.Build.0 = Debug|Any CPU
		{6BC55D3C-AEB9-4AB0-BB98-6BE8EEF4A9C5}.Debug|Any CPU.Deploy.0 = Debug|Any CPU
		{6BC55D3C-AEB9-4AB0-BB98-6BE8EEF4A9C5}.Debug|iPhone.ActiveCfg = Debug|Any CPU
		{6BC55D3C-AEB9-4AB0-BB98-6BE8EEF4A9C5}.Debug|iPhone.Build.0 = Debug|Any CPU
		{6BC55D3C-AEB9-4AB0-BB98-6BE8EEF4A9C5}.Debug|iPhone.Deploy.0 = Debug|Any CPU
		{6BC55D3C-AEB9-4AB0-BB98-6BE8EEF4A9C5}.Debug|iPhoneSimulator.ActiveCfg = Debug|Any CPU
		{6BC55D3C-AEB9-4AB0-BB98-6BE8EEF4A9C5}.Debug|iPhoneSimulator.Build.0 = Debug|Any CPU
		{6BC55D3C-AEB9-4AB0-BB98-6BE8EEF4A9C5}.Debug|iPhoneSimulator.Deploy.0 = Debug|Any CPU
		{6BC55D3C-AEB9-4AB0-BB98-6BE8EEF4A9C5}.Release|Any CPU.ActiveCfg = Release|Any CPU
		{6BC55D3C-AEB9-4AB0-BB98-6BE8EEF4A9C5}.Release|Any CPU.Build.0 = Release|Any CPU
		{6BC55D3C-AEB9-4AB0-BB98-6BE8EEF4A9C5}.Release|Any CPU.Deploy.0 = Release|Any CPU
		{6BC55D3C-AEB9-4AB0-BB98-6BE8EEF4A9C5}.Release|iPhone.ActiveCfg = Release|Any CPU
		{6BC55D3C-AEB9-4AB0-BB98-6BE8EEF4A9C5}.Release|iPhone.Build.0 = Release|Any CPU
		{6BC55D3C-AEB9-4AB0-BB98-6BE8EEF4A9C5}.Release|iPhone.Deploy.0 = Release|Any CPU
		{6BC55D3C-AEB9-4AB0-BB98-6BE8EEF4A9C5}.Release|iPhoneSimulator.ActiveCfg = Release|Any CPU
		{6BC55D3C-AEB9-4AB0-BB98-6BE8EEF4A9C5}.Release|iPhoneSimulator.Build.0 = Release|Any CPU
		{6BC55D3C-AEB9-4AB0-BB98-6BE8EEF4A9C5}.Release|iPhoneSimulator.Deploy.0 = Release|Any CPU
		{B88909A3-419F-4329-8257-C89D56D6864E}.Debug|Any CPU.ActiveCfg = Debug|iPhone
		{B88909A3-419F-4329-8257-C89D56D6864E}.Debug|Any CPU.Build.0 = Debug|iPhone
		{B88909A3-419F-4329-8257-C89D56D6864E}.Debug|Any CPU.Deploy.0 = Debug|iPhone
		{B88909A3-419F-4329-8257-C89D56D6864E}.Debug|iPhone.ActiveCfg = Debug|iPhone
		{B88909A3-419F-4329-8257-C89D56D6864E}.Debug|iPhone.Build.0 = Debug|iPhone
		{B88909A3-419F-4329-8257-C89D56D6864E}.Debug|iPhone.Deploy.0 = Debug|iPhone
		{B88909A3-419F-4329-8257-C89D56D6864E}.Debug|iPhoneSimulator.ActiveCfg = Debug|iPhoneSimulator
		{B88909A3-419F-4329-8257-C89D56D6864E}.Debug|iPhoneSimulator.Build.0 = Debug|iPhoneSimulator
		{B88909A3-419F-4329-8257-C89D56D6864E}.Debug|iPhoneSimulator.Deploy.0 = Debug|iPhoneSimulator
		{B88909A3-419F-4329-8257-C89D56D6864E}.Release|Any CPU.ActiveCfg = Release|iPhoneSimulator
		{B88909A3-419F-4329-8257-C89D56D6864E}.Release|Any CPU.Build.0 = Release|iPhoneSimulator
		{B88909A3-419F-4329-8257-C89D56D6864E}.Release|Any CPU.Deploy.0 = Release|iPhoneSimulator
		{B88909A3-419F-4329-8257-C89D56D6864E}.Release|iPhone.ActiveCfg = Release|iPhone
		{B88909A3-419F-4329-8257-C89D56D6864E}.Release|iPhone.Build.0 = Release|iPhone
		{B88909A3-419F-4329-8257-C89D56D6864E}.Release|iPhone.Deploy.0 = Release|iPhone
		{B88909A3-419F-4329-8257-C89D56D6864E}.Release|iPhoneSimulator.ActiveCfg = Release|iPhoneSimulator
		{B88909A3-419F-4329-8257-C89D56D6864E}.Release|iPhoneSimulator.Build.0 = Release|iPhoneSimulator
		{B88909A3-419F-4329-8257-C89D56D6864E}.Release|iPhoneSimulator.Deploy.0 = Release|iPhoneSimulator
		{3D03039E-1BF6-4263-B82C-D871B216FD47}.Debug|Any CPU.ActiveCfg = Debug|Any CPU
		{3D03039E-1BF6-4263-B82C-D871B216FD47}.Debug|Any CPU.Build.0 = Debug|Any CPU
		{3D03039E-1BF6-4263-B82C-D871B216FD47}.Debug|Any CPU.Deploy.0 = Debug|Any CPU
		{3D03039E-1BF6-4263-B82C-D871B216FD47}.Debug|iPhone.ActiveCfg = Debug|Any CPU
		{3D03039E-1BF6-4263-B82C-D871B216FD47}.Debug|iPhone.Build.0 = Debug|Any CPU
		{3D03039E-1BF6-4263-B82C-D871B216FD47}.Debug|iPhone.Deploy.0 = Debug|Any CPU
		{3D03039E-1BF6-4263-B82C-D871B216FD47}.Debug|iPhoneSimulator.ActiveCfg = Debug|Any CPU
		{3D03039E-1BF6-4263-B82C-D871B216FD47}.Debug|iPhoneSimulator.Build.0 = Debug|Any CPU
		{3D03039E-1BF6-4263-B82C-D871B216FD47}.Debug|iPhoneSimulator.Deploy.0 = Debug|Any CPU
		{3D03039E-1BF6-4263-B82C-D871B216FD47}.Release|Any CPU.ActiveCfg = Release|Any CPU
		{3D03039E-1BF6-4263-B82C-D871B216FD47}.Release|Any CPU.Build.0 = Release|Any CPU
		{3D03039E-1BF6-4263-B82C-D871B216FD47}.Release|Any CPU.Deploy.0 = Release|Any CPU
		{3D03039E-1BF6-4263-B82C-D871B216FD47}.Release|iPhone.ActiveCfg = Release|Any CPU
		{3D03039E-1BF6-4263-B82C-D871B216FD47}.Release|iPhone.Build.0 = Release|Any CPU
		{3D03039E-1BF6-4263-B82C-D871B216FD47}.Release|iPhone.Deploy.0 = Release|Any CPU
		{3D03039E-1BF6-4263-B82C-D871B216FD47}.Release|iPhoneSimulator.ActiveCfg = Release|Any CPU
		{3D03039E-1BF6-4263-B82C-D871B216FD47}.Release|iPhoneSimulator.Build.0 = Release|Any CPU
		{3D03039E-1BF6-4263-B82C-D871B216FD47}.Release|iPhoneSimulator.Deploy.0 = Release|Any CPU
		{F4DFCEA8-59DE-4860-80AE-09C5D71A307A}.Debug|Any CPU.ActiveCfg = Debug|Any CPU
		{F4DFCEA8-59DE-4860-80AE-09C5D71A307A}.Debug|Any CPU.Build.0 = Debug|Any CPU
		{F4DFCEA8-59DE-4860-80AE-09C5D71A307A}.Debug|iPhone.ActiveCfg = Debug|Any CPU
		{F4DFCEA8-59DE-4860-80AE-09C5D71A307A}.Debug|iPhone.Build.0 = Debug|Any CPU
		{F4DFCEA8-59DE-4860-80AE-09C5D71A307A}.Debug|iPhoneSimulator.ActiveCfg = Debug|Any CPU
		{F4DFCEA8-59DE-4860-80AE-09C5D71A307A}.Debug|iPhoneSimulator.Build.0 = Debug|Any CPU
		{F4DFCEA8-59DE-4860-80AE-09C5D71A307A}.Release|Any CPU.ActiveCfg = Release|Any CPU
		{F4DFCEA8-59DE-4860-80AE-09C5D71A307A}.Release|Any CPU.Build.0 = Release|Any CPU
		{F4DFCEA8-59DE-4860-80AE-09C5D71A307A}.Release|iPhone.ActiveCfg = Release|Any CPU
		{F4DFCEA8-59DE-4860-80AE-09C5D71A307A}.Release|iPhone.Build.0 = Release|Any CPU
		{F4DFCEA8-59DE-4860-80AE-09C5D71A307A}.Release|iPhoneSimulator.ActiveCfg = Release|Any CPU
		{F4DFCEA8-59DE-4860-80AE-09C5D71A307A}.Release|iPhoneSimulator.Build.0 = Release|Any CPU
		{F0954804-7639-433A-9937-F43AAC3101EC}.Debug|Any CPU.ActiveCfg = Debug|Any CPU
		{F0954804-7639-433A-9937-F43AAC3101EC}.Debug|Any CPU.Build.0 = Debug|Any CPU
		{F0954804-7639-433A-9937-F43AAC3101EC}.Debug|iPhone.ActiveCfg = Debug|Any CPU
		{F0954804-7639-433A-9937-F43AAC3101EC}.Debug|iPhone.Build.0 = Debug|Any CPU
		{F0954804-7639-433A-9937-F43AAC3101EC}.Debug|iPhoneSimulator.ActiveCfg = Debug|Any CPU
		{F0954804-7639-433A-9937-F43AAC3101EC}.Debug|iPhoneSimulator.Build.0 = Debug|Any CPU
		{F0954804-7639-433A-9937-F43AAC3101EC}.Release|Any CPU.ActiveCfg = Release|Any CPU
		{F0954804-7639-433A-9937-F43AAC3101EC}.Release|Any CPU.Build.0 = Release|Any CPU
		{F0954804-7639-433A-9937-F43AAC3101EC}.Release|iPhone.ActiveCfg = Release|Any CPU
		{F0954804-7639-433A-9937-F43AAC3101EC}.Release|iPhone.Build.0 = Release|Any CPU
		{F0954804-7639-433A-9937-F43AAC3101EC}.Release|iPhoneSimulator.ActiveCfg = Release|Any CPU
		{F0954804-7639-433A-9937-F43AAC3101EC}.Release|iPhoneSimulator.Build.0 = Release|Any CPU
	EndGlobalSection
	GlobalSection(SolutionProperties) = preSolution
		HideSolutionNode = FALSE
	EndGlobalSection
	GlobalSection(ExtensibilityGlobals) = postSolution
		SolutionGuid = {1FB92D44-16E8-4F6D-9ADB-A0CD15E586AF}
	EndGlobalSection
EndGlobal
